
Microsoft Visual Studio Solution File, Format Version 12.00
# Visual Studio Version 16
VisualStudioVersion = 16.0.30523.141
MinimumVisualStudioVersion = 10.0.40219.1
Project("{9A19103F-16F7-4668-BE54-9A1E7A4F7556}") = "SklepInternetowy", "SklepInternetowy\SklepInternetowy.csproj", "{A465518E-B1B5-414D-94E0-70ADFFF5094B}"
EndProject
Global
	GlobalSection(SolutionConfigurationPlatforms) = preSolution
		Debug|Any CPU = Debug|Any CPU
		Release|Any CPU = Release|Any CPU
	EndGlobalSection
	GlobalSection(ProjectConfigurationPlatforms) = postSolution
		{A465518E-B1B5-414D-94E0-70ADFFF5094B}.Debug|Any CPU.ActiveCfg = Debug|Any CPU
		{A465518E-B1B5-414D-94E0-70ADFFF5094B}.Debug|Any CPU.Build.0 = Debug|Any CPU
		{A465518E-B1B5-414D-94E0-70ADFFF5094B}.Release|Any CPU.ActiveCfg = Release|Any CPU
		{A465518E-B1B5-414D-94E0-70ADFFF5094B}.Release|Any CPU.Build.0 = Release|Any CPU
	EndGlobalSection
	GlobalSection(SolutionProperties) = preSolution
		HideSolutionNode = FALSE
	EndGlobalSection
	GlobalSection(ExtensibilityGlobals) = postSolution
		SolutionGuid = {E288F89D-CA2F-43F8-8F7F-B4870DB1D55D}
	EndGlobalSection
EndGlobal
